# This file is autogenerated, do not edit; changes may be undone by the next 'dep ensure'.


[[projects]]
  digest = "1:74e49eaf804a518bf1248e9800216c102616ea125967b44ee0a5204df89b2405"
  name = "github.com/cloudfoundry-incubator/candiedyaml"
  packages = ["."]
  pruneopts = "UT"
  revision = "99c3df83b51532e3615f851d8c2dbb638f5313bf"

[[projects]]
  digest = "1:8972a1fd4080774b95d26db7653cf0f71ce351b4ddbf296265c6985c829f88d9"
  name = "github.com/coreos/etcd"
  packages = [
    "auth/authpb",
    "clientv3",
    "etcdserver/api/v3rpc/rpctypes",
    "etcdserver/etcdserverpb",
    "mvcc/mvccpb",
    "pkg/tlsutil",
  ]
  pruneopts = "UT"
  revision = "4aaf7f94cf525a8a555dec6f31c20caa01cf8d8d"

[[projects]]
  digest = "1:aa18539572beb4e5dff136192992d5db926f07cc8ede4dd34a813b49ddf4ee50"
  name = "github.com/dgrijalva/jwt-go"
  packages = ["."]
  pruneopts = "UT"
  revision = "c04502f106d7c5b3fae17c5da49a1bbdd3006b3c"

[[projects]]
  branch = "master"
  digest = "1:5fe3f6ede1c208a2efd3b78fe4df0306aa9624edd39476143d14f0326e5a8d29"
  name = "github.com/facebookgo/clock"
  packages = ["."]
  pruneopts = "UT"
  revision = "600d898af40aa09a7a93ecb9265d87b0504b6f03"

[[projects]]
  digest = "1:0482e719b5735b849e85add5e0d77c5565e02b220e6d3ba7b5476c22f4647a90"
  name = "github.com/facebookgo/httpdown"
  packages = ["."]
  pruneopts = "UT"
  revision = "a3b1354551a26449fbe05f5d855937f6e7acbd71"

[[projects]]
  branch = "master"
  digest = "1:02c7a4e944d94d6b80f51517158d10633b10775f528a3b7bdfc658d6f92415bd"
  name = "github.com/facebookgo/stats"
  packages = ["."]
  pruneopts = "UT"
  revision = "1b76add642e42c6ffba7211ad7b3939ce654526e"

[[projects]]
  digest = "1:e885d0e822343165166d71823f743e53f407d0a5c21904fda46d12ab68fc1171"
  name = "github.com/ghodss/yaml"
  packages = ["."]
  pruneopts = "UT"
  revision = "aa0c862057666179de291b67d9f093d12b5a8473"

[[projects]]
  digest = "1:32aa2925b00f43b3455b46fca49fde5541749896358addb2ddb077359e17bfba"
  name = "github.com/go-sql-driver/mysql"
  packages = ["."]
  pruneopts = "UT"
  revision = "527bcd55aab2e53314f1a150922560174b493034"

[[projects]]
  branch = "master"
  digest = "1:b61a34d5c67b43746d90a971b668839a45b2d5be450ce984f42da2232cf23ba1"
  name = "github.com/gocomm/config"
  packages = ["."]
  pruneopts = "UT"
  revision = "b6ef2b8450a7d2439c0ec37a3c162bdfbb362d70"

[[projects]]
  branch = "master"
  digest = "1:65fb7d8acc476b051ed9f12acc06822cad647680d810ab6f60617e6bfed3507d"
  name = "github.com/gocomm/dbutil"
  packages = [
    ".",
    "dialects/mysql",
  ]
  pruneopts = "UT"
  revision = "af0f0d480834f1b910703fd0f58ad76adad002a9"

[[projects]]
  digest = "1:7bef38fd81c35e0f5b83f3b472beacdf501aef2f2ccaf990b579d55952015ff9"
  name = "github.com/gogo/protobuf"
  packages = ["proto"]
  pruneopts = "UT"
  revision = "318371cbef6bab80e8d1c69b470fffa79eebfb54"

[[projects]]
  digest = "1:74921010cec6199ed54d2d0e7ea2f203cb65abf898a3ade13fb0699a8bfc4e52"
  name = "github.com/golang/glog"
  packages = ["."]
  pruneopts = "UT"
  revision = "fca8c8854093a154ff1eb580aae10276ad6b1b5f"

[[projects]]
  digest = "1:728d3f9c887e04f09acfede792a6448098be0e8c0a599ad3af0c319ca24ebb1f"
  name = "github.com/golang/protobuf"
  packages = ["proto"]
  pruneopts = "UT"
  revision = "8616e8ee5e20a1704615e6c8d7afcdac06087a67"

[[projects]]
  digest = "1:17f8af39375f4572c47f93d54d3f7ff7bed1e0816256cd8e6467bfba2de51288"
  name = "github.com/google/subcommands"
  packages = ["."]
  pruneopts = "UT"
  revision = "1c7173745a6001f67d8d96ab4e178284c77f7759"

[[projects]]
  digest = "1:f454d821289e401f7db54c9e1a9d2680c80921c6b7b1339b1d3c8556ea7cb8cf"
  name = "github.com/labstack/echo"
  packages = [
    ".",
    "engine",
    "engine/standard",
    "log",
    "middleware",
  ]
  pruneopts = "UT"
  revision = "98f86dfc172203f30e52f7ab404d3f4075167acb"

[[projects]]
  digest = "1:79d4f910af1ed9cb06923a0f2b5dfdfe62b4b346dda3d77224e42ec5e1e10a4a"
  name = "github.com/labstack/gommon"
  packages = [
    "bytes",
    "color",
    "log",
  ]
  pruneopts = "UT"
  revision = "722aa12d41c236ce78ff48eac1cafe0107ecdc9d"

[[projects]]
  digest = "1:c3bfe23b60456c43e72f3ab2cbc1042b3d663e7e4a365a788c577864f54e4b8b"
  name = "github.com/mattn/go-colorable"
  packages = ["."]
  pruneopts = "UT"
  revision = "9056b7a9f2d1f2d96498d6d146acd1f9d5ed3d59"
  version = "v0.0.5"

[[projects]]
  digest = "1:abab8af2b6f41d6bcd8abf752b22aa0d4b40a9b0aa3f01186a695cf9a67d1fad"
  name = "github.com/mattn/go-isatty"
  packages = ["."]
  pruneopts = "UT"
  revision = "56b76bdf51f7708750eac80fa38b952bb9f32639"

[[projects]]
  digest = "1:9afe305ba8eb834434a11043d1629785ed7c3dc7bf4c1bf8219b945556c31344"
  name = "github.com/valyala/fasttemplate"
  packages = ["."]
  pruneopts = "UT"
  revision = "3b874956e03f1636d171bda64b130f9135f42cff"

[[projects]]
  digest = "1:22ea403f9e944cb6a8522970322af13c85b96ff332d460382c544df35c7c77f5"
  name = "golang.org/x/net"
  packages = [
    "context",
    "http2",
    "http2/hpack",
    "internal/timeseries",
    "lex/httplex",
    "trace",
  ]
  pruneopts = "UT"
  revision = "3f122ce3dbbe488b7e6a8bdb26f41edec852a40b"

[[projects]]
  digest = "1:0642538d05a339e66c5b2bed4ca1c4f29a27952f096efccd05525c2e2bda7c77"
  name = "golang.org/x/sys"
  packages = ["unix"]
  pruneopts = "UT"
  revision = "f64b50fbea64174967a8882830d621a18ee1548e"

[[projects]]
  digest = "1:4b747757cfe370da90f0be67c95ef4cda060ca23732e7de672d5fee93949f100"
  name = "google.golang.org/grpc"
  packages = [
    ".",
    "codes",
    "credentials",
    "grpclog",
    "internal",
    "metadata",
    "naming",
    "peer",
    "transport",
  ]
  pruneopts = "UT"
  revision = "88aeffff979aa77aa502cb011423d0a08fa12c5a"

[[projects]]
  digest = "1:858458e1fcdb1cb44ded97c2ae2b610ee9336fdb0a8347ea1ad835e6a1db6c76"
  name = "gopkg.in/yaml.v2"
  packages = ["."]
  pruneopts = "UT"
  revision = "a83829b6f1293c91addabc89d0571c246397bbf4"

[solve-meta]
  analyzer-name = "dep"
  analyzer-version = 1
  input-imports = [
    "github.com/coreos/etcd/clientv3",
    "github.com/coreos/etcd/etcdserver/api/v3rpc/rpctypes",
    "github.com/coreos/etcd/mvcc/mvccpb",
    "github.com/facebookgo/httpdown",
    "github.com/gocomm/config",
    "github.com/gocomm/dbutil",
    "github.com/gocomm/dbutil/dialects/mysql",
    "github.com/golang/glog",
    "github.com/google/subcommands",
    "github.com/labstack/echo",
    "github.com/labstack/echo/engine/standard",
    "github.com/labstack/echo/middleware",
    "golang.org/x/net/context",
    "google.golang.org/grpc",
    "google.golang.org/grpc/codes",
    "gopkg.in/yaml.v2",
  ]
  solver-name = "gps-cdcl"
  solver-version = 1
